
Microsoft Visual Studio Solution File, Format Version 12.00
# Visual Studio Version 17
VisualStudioVersion = 17.14.36603.0
MinimumVisualStudioVersion = 10.0.40219.1
Project("{FAE04EC0-301F-11D3-BF4B-00C04F79EFBC}") = "TodoApp", "TodoApp\TodoApp.csproj", "{11237490-ABC2-497C-B755-B1A19758AA66}"
EndProject
Project("{FAE04EC0-301F-11D3-BF4B-00C04F79EFBC}") = "TodoApp.Tests", "TodoApp.Tests\TodoApp.Tests.csproj", "{CBA2DC02-6947-461A-B290-2A4F1DD09F2B}"
EndProject
Global
	GlobalSection(SolutionConfigurationPlatforms) = preSolution
		Debug|Any CPU = Debug|Any CPU
		Release|Any CPU = Release|Any CPU
	EndGlobalSection
	GlobalSection(ProjectConfigurationPlatforms) = postSolution
		{11237490-ABC2-497C-B755-B1A19758AA66}.Debug|Any CPU.ActiveCfg = Debug|Any CPU
		{11237490-ABC2-497C-B755-B1A19758AA66}.Debug|Any CPU.Build.0 = Debug|Any CPU
		{11237490-ABC2-497C-B755-B1A19758AA66}.Release|Any CPU.ActiveCfg = Release|Any CPU
		{11237490-ABC2-497C-B755-B1A19758AA66}.Release|Any CPU.Build.0 = Release|Any CPU
		{CBA2DC02-6947-461A-B290-2A4F1DD09F2B}.Debug|Any CPU.ActiveCfg = Debug|Any CPU
		{CBA2DC02-6947-461A-B290-2A4F1DD09F2B}.Debug|Any CPU.Build.0 = Debug|Any CPU
		{CBA2DC02-6947-461A-B290-2A4F1DD09F2B}.Release|Any CPU.ActiveCfg = Release|Any CPU
		{CBA2DC02-6947-461A-B290-2A4F1DD09F2B}.Release|Any CPU.Build.0 = Release|Any CPU
	EndGlobalSection
	GlobalSection(SolutionProperties) = preSolution
		HideSolutionNode = FALSE
	EndGlobalSection
	GlobalSection(ExtensibilityGlobals) = postSolution
		SolutionGuid = {0E404AB3-65C8-4F58-AC3A-AE1450C7CCD4}
	EndGlobalSection
EndGlobal
